
Microsoft Visual Studio Solution File, Format Version 12.00
# Visual Studio Version 16
VisualStudioVersion = 16.0.28803.202
MinimumVisualStudioVersion = 10.0.40219.1
Project("{FAE04EC0-301F-11D3-BF4B-00C04F79EFBC}") = "NomTask", "NomTask\NomTask.csproj", "{56D95379-1C0D-4BA4-983F-EFDAFEF046AB}"
EndProject
Global
	GlobalSection(SolutionConfigurationPlatforms) = preSolution
		Debug|Any CPU = Debug|Any CPU
		Release|Any CPU = Release|Any CPU
	EndGlobalSection
	GlobalSection(ProjectConfigurationPlatforms) = postSolution
		{56D95379-1C0D-4BA4-983F-EFDAFEF046AB}.Debug|Any CPU.ActiveCfg = Debug|Any CPU
		{56D95379-1C0D-4BA4-983F-EFDAFEF046AB}.Debug|Any CPU.Build.0 = Debug|Any CPU
		{56D95379-1C0D-4BA4-983F-EFDAFEF046AB}.Release|Any CPU.ActiveCfg = Release|Any CPU
		{56D95379-1C0D-4BA4-983F-EFDAFEF046AB}.Release|Any CPU.Build.0 = Release|Any CPU
	EndGlobalSection
	GlobalSection(SolutionProperties) = preSolution
		HideSolutionNode = FALSE
	EndGlobalSection
	GlobalSection(ExtensibilityGlobals) = postSolution
		SolutionGuid = {05E939B4-D003-409B-8401-E17A775E1C9F}
	EndGlobalSection
EndGlobal
